// !$*UTF8*$!
{
	archiveVersion = 1;
	classes = {
	};
	objectVersion = 77;
	objects = {

/* Begin PBXContainerItemProxy section */
		6E86D3FE2D5A2D1A00EE052A /* PBXContainerItemProxy */ = {
			isa = PBXContainerItemProxy;
			containerPortal = 6E86D3E52D5A2D1700EE052A /* Project object */;
			proxyType = 1;
			remoteGlobalIDString = 6E86D3EC2D5A2D1700EE052A;
			remoteInfo = ViperProject;
		};
		6E86D4082D5A2D1A00EE052A /* PBXContainerItemProxy */ = {
			isa = PBXContainerItemProxy;
			containerPortal = 6E86D3E52D5A2D1700EE052A /* Project object */;
			proxyType = 1;
			remoteGlobalIDString = 6E86D3EC2D5A2D1700EE052A;
			remoteInfo = ViperProject;
		};
/* End PBXContainerItemProxy section */

/* Begin PBXFileReference section */
		6E86D3ED2D5A2D1700EE052A /* ViperProject.app */ = {isa = PBXFileReference; explicitFileType = wrapper.application; includeInIndex = 0; path = ViperProject.app; sourceTree = BUILT_PRODUCTS_DIR; };
		6E86D3FD2D5A2D1A00EE052A /* ViperProjectTests.xctest */ = {isa = PBXFileReference; explicitFileType = wrapper.cfbundle; includeInIndex = 0; path = ViperProjectTests.xctest; sourceTree = BUILT_PRODUCTS_DIR; };
		6E86D4072D5A2D1A00EE052A /* ViperProjectUITests.xctest */ = {isa = PBXFileReference; explicitFileType = wrapper.cfbundle; includeInIndex = 0; path = ViperProjectUITests.xctest; sourceTree = BUILT_PRODUCTS_DIR; };
/* End PBXFileReference section */

/* Begin PBXFileSystemSynchronizedRootGroup section */
		6E86D3EF2D5A2D1700EE052A /* ViperProject */ = {
			isa = PBXFileSystemSynchronizedRootGroup;
			path = ViperProject;
			sourceTree = "<group>";
		};
		6E86D4002D5A2D1A00EE052A /* ViperProjectTests */ = {
			isa = PBXFileSystemSynchronizedRootGroup;
			path = ViperProjectTests;
			sourceTree = "<group>";
		};
		6E86D40A2D5A2D1A00EE052A /* ViperProjectUITests */ = {
			isa = PBXFileSystemSynchronizedRootGroup;
			path = ViperProjectUITests;
			sourceTree = "<group>";
		};
/* End PBXFileSystemSynchronizedRootGroup section */

/* Begin PBXFrameworksBuildPhase section */
		6E86D3EA2D5A2D1700EE052A /* Frameworks */ = {
			isa = PBXFrameworksBuildPhase;
			buildActionMask = 2147483647;
			files = (
			);
			runOnlyForDeploymentPostprocessing = 0;
		};
		6E86D3FA2D5A2D1A00EE052A /* Frameworks */ = {
			isa = PBXFrameworksBuildPhase;
			buildActionMask = 2147483647;
			files = (
			);
			runOnlyForDeploymentPostprocessing = 0;
		};
		6E86D4042D5A2D1A00EE052A /* Frameworks */ = {
			isa = PBXFrameworksBuildPhase;
			buildActionMask = 2147483647;
			files = (
			);
			runOnlyForDeploymentPostprocessing = 0;
		};
/* End PBXFrameworksBuildPhase section */

/* Begin PBXGroup section */
		6E86D3E42D5A2D1700EE052A = {
			isa = PBXGroup;
			children = (
				6E86D3EF2D5A2D1700EE052A /* ViperProject */,
				6E86D4002D5A2D1A00EE052A /* ViperProjectTests */,
				6E86D40A2D5A2D1A00EE052A /* ViperProjectUITests */,
				6E86D3EE2D5A2D1700EE052A /* Products */,
			);
			sourceTree = "<group>";
		};
		6E86D3EE2D5A2D1700EE052A /* Products */ = {
			isa = PBXGroup;
			children = (
				6E86D3ED2D5A2D1700EE052A /* ViperProject.app */,
				6E86D3FD2D5A2D1A00EE052A /* ViperProjectTests.xctest */,
				6E86D4072D5A2D1A00EE052A /* ViperProjectUITests.xctest */,
			);
			name = Products;
			sourceTree = "<group>";
		};
/* End PBXGroup section */

/* Begin PBXNativeTarget section */
		6E86D3EC2D5A2D1700EE052A /* ViperProject */ = {
			isa = PBXNativeTarget;
			buildConfigurationList = 6E86D4112D5A2D1A00EE052A /* Build configuration list for PBXNativeTarget "ViperProject" */;
			buildPhases = (
				6E86D3E92D5A2D1700EE052A /* Sources */,
				6E86D3EA2D5A2D1700EE052A /* Frameworks */,
				6E86D3EB2D5A2D1700EE052A /* Resources */,
			);
			buildRules = (
			);
			dependencies = (
			);
			fileSystemSynchronizedGroups = (
				6E86D3EF2D5A2D1700EE052A /* ViperProject */,
			);
			name = ViperProject;
			packageProductDependencies = (
			);
			productName = ViperProject;
			productReference = 6E86D3ED2D5A2D1700EE052A /* ViperProject.app */;
			productType = "com.apple.product-type.application";
		};
		6E86D3FC2D5A2D1A00EE052A /* ViperProjectTests */ = {
			isa = PBXNativeTarget;
			buildConfigurationList = 6E86D4142D5A2D1A00EE052A /* Build configuration list for PBXNativeTarget "ViperProjectTests" */;
			buildPhases = (
				6E86D3F92D5A2D1A00EE052A /* Sources */,
				6E86D3FA2D5A2D1A00EE052A /* Frameworks */,
				6E86D3FB2D5A2D1A00EE052A /* Resources */,
			);
			buildRules = (
			);
			dependencies = (
				6E86D3FF2D5A2D1A00EE052A /* PBXTargetDependency */,
			);
			fileSystemSynchronizedGroups = (
				6E86D4002D5A2D1A00EE052A /* ViperProjectTests */,
			);
			name = ViperProjectTests;
			packageProductDependencies = (
			);
			productName = ViperProjectTests;
			productReference = 6E86D3FD2D5A2D1A00EE052A /* ViperProjectTests.xctest */;
			productType = "com.apple.product-type.bundle.unit-test";
		};
		6E86D4062D5A2D1A00EE052A /* ViperProjectUITests */ = {
			isa = PBXNativeTarget;
			buildConfigurationList = 6E86D4172D5A2D1A00EE052A /* Build configuration list for PBXNativeTarget "ViperProjectUITests" */;
			buildPhases = (
				6E86D4032D5A2D1A00EE052A /* Sources */,
				6E86D4042D5A2D1A00EE052A /* Frameworks */,
				6E86D4052D5A2D1A00EE052A /* Resources */,
			);
			buildRules = (
			);
			dependencies = (
				6E86D4092D5A2D1A00EE052A /* PBXTargetDependency */,
			);
			fileSystemSynchronizedGroups = (
				6E86D40A2D5A2D1A00EE052A /* ViperProjectUITests */,
			);
			name = ViperProjectUITests;
			packageProductDependencies = (
			);
			productName = ViperProjectUITests;
			productReference = 6E86D4072D5A2D1A00EE052A /* ViperProjectUITests.xctest */;
			productType = "com.apple.product-type.bundle.ui-testing";
		};
/* End PBXNativeTarget section */

/* Begin PBXProject section */
		6E86D3E52D5A2D1700EE052A /* Project object */ = {
			isa = PBXProject;
			attributes = {
				BuildIndependentTargetsInParallel = 1;
				LastSwiftUpdateCheck = 1610;
				LastUpgradeCheck = 1610;
				TargetAttributes = {
					6E86D3EC2D5A2D1700EE052A = {
						CreatedOnToolsVersion = 16.1;
					};
					6E86D3FC2D5A2D1A00EE052A = {
						CreatedOnToolsVersion = 16.1;
						TestTargetID = 6E86D3EC2D5A2D1700EE052A;
					};
					6E86D4062D5A2D1A00EE052A = {
						CreatedOnToolsVersion = 16.1;
						TestTargetID = 6E86D3EC2D5A2D1700EE052A;
					};
				};
			};
			buildConfigurationList = 6E86D3E82D5A2D1700EE052A /* Build configuration list for PBXProject "ViperProject" */;
			developmentRegion = en;
			hasScannedForEncodings = 0;
			knownRegions = (
				en,
				Base,
			);
			mainGroup = 6E86D3E42D5A2D1700EE052A;
			minimizedProjectReferenceProxies = 1;
			preferredProjectObjectVersion = 77;
			productRefGroup = 6E86D3EE2D5A2D1700EE052A /* Products */;
			projectDirPath = "";
			projectRoot = "";
			targets = (
				6E86D3EC2D5A2D1700EE052A /* ViperProject */,
				6E86D3FC2D5A2D1A00EE052A /* ViperProjectTests */,
				6E86D4062D5A2D1A00EE052A /* ViperProjectUITests */,
			);
		};
/* End PBXProject section */

/* Begin PBXResourcesBuildPhase section */
		6E86D3EB2D5A2D1700EE052A /* Resources */ = {
			isa = PBXResourcesBuildPhase;
			buildActionMask = 2147483647;
			files = (
			);
			runOnlyForDeploymentPostprocessing = 0;
		};
		6E86D3FB2D5A2D1A00EE052A /* Resources */ = {
			isa = PBXResourcesBuildPhase;
			buildActionMask = 2147483647;
			files = (
			);
			runOnlyForDeploymentPostprocessing = 0;
		};
		6E86D4052D5A2D1A00EE052A /* Resources */ = {
			isa = PBXResourcesBuildPhase;
			buildActionMask = 2147483647;
			files = (
			);
			runOnlyForDeploymentPostprocessing = 0;
		};
/* End PBXResourcesBuildPhase section */

/* Begin PBXSourcesBuildPhase section */
		6E86D3E92D5A2D1700EE052A /* Sources */ = {
			isa = PBXSourcesBuildPhase;
			buildActionMask = 2147483647;
			files = (
			);
			runOnlyForDeploymentPostprocessing = 0;
		};
		6E86D3F92D5A2D1A00EE052A /* Sources */ = {
			isa = PBXSourcesBuildPhase;
			buildActionMask = 2147483647;
			files = (
			);
			runOnlyForDeploymentPostprocessing = 0;
		};
		6E86D4032D5A2D1A00EE052A /* Sources */ = {
			isa = PBXSourcesBuildPhase;
			buildActionMask = 2147483647;
			files = (
			);
			runOnlyForDeploymentPostprocessing = 0;
		};
/* End PBXSourcesBuildPhase section */

/* Begin PBXTargetDependency section */
		6E86D3FF2D5A2D1A00EE052A /* PBXTargetDependency */ = {
			isa = PBXTargetDependency;
			target = 6E86D3EC2D5A2D1700EE052A /* ViperProject */;
			targetProxy = 6E86D3FE2D5A2D1A00EE052A /* PBXContainerItemProxy */;
		};
		6E86D4092D5A2D1A00EE052A /* PBXTargetDependency */ = {
			isa = PBXTargetDependency;
			target = 6E86D3EC2D5A2D1700EE052A /* ViperProject */;
			targetProxy = 6E86D4082D5A2D1A00EE052A /* PBXContainerItemProxy */;
		};
/* End PBXTargetDependency section */

/* Begin XCBuildConfiguration section */
		6E86D40F2D5A2D1A00EE052A /* Debug */ = {
			isa = XCBuildConfiguration;
			buildSettings = {
				ALWAYS_SEARCH_USER_PATHS = NO;
				ASSETCATALOG_COMPILER_GENERATE_SWIFT_ASSET_SYMBOL_EXTENSIONS = YES;
				CLANG_ANALYZER_NONNULL = YES;
				CLANG_ANALYZER_NUMBER_OBJECT_CONVERSION = YES_AGGRESSIVE;
				CLANG_CXX_LANGUAGE_STANDARD = "gnu++20";
				CLANG_ENABLE_MODULES = YES;
				CLANG_ENABLE_OBJC_ARC = YES;
				CLANG_ENABLE_OBJC_WEAK = YES;
				CLANG_WARN_BLOCK_CAPTURE_AUTORELEASING = YES;
				CLANG_WARN_BOOL_CONVERSION = YES;
				CLANG_WARN_COMMA = YES;
				CLANG_WARN_CONSTANT_CONVERSION = YES;
				CLANG_WARN_DEPRECATED_OBJC_IMPLEMENTATIONS = YES;
				CLANG_WARN_DIRECT_OBJC_ISA_USAGE = YES_ERROR;
				CLANG_WARN_DOCUMENTATION_COMMENTS = YES;
				CLANG_WARN_EMPTY_BODY = YES;
				CLANG_WARN_ENUM_CONVERSION = YES;
				CLANG_WARN_INFINITE_RECURSION = YES;
				CLANG_WARN_INT_CONVERSION = YES;
				CLANG_WARN_NON_LITERAL_NULL_CONVERSION = YES;
				CLANG_WARN_OBJC_IMPLICIT_RETAIN_SELF = YES;
				CLANG_WARN_OBJC_LITERAL_CONVERSION = YES;
				CLANG_WARN_OBJC_ROOT_CLASS = YES_ERROR;
				CLANG_WARN_QUOTED_INCLUDE_IN_FRAMEWORK_HEADER = YES;
				CLANG_WARN_RANGE_LOOP_ANALYSIS = YES;
				CLANG_WARN_STRICT_PROTOTYPES = YES;
				CLANG_WARN_SUSPICIOUS_MOVE = YES;
				CLANG_WARN_UNGUARDED_AVAILABILITY = YES_AGGRESSIVE;
				CLANG_WARN_UNREACHABLE_CODE = YES;
				CLANG_WARN__DUPLICATE_METHOD_MATCH = YES;
				COPY_PHASE_STRIP = NO;
				DEBUG_INFORMATION_FORMAT = dwarf;
				ENABLE_STRICT_OBJC_MSGSEND = YES;
				ENABLE_TESTABILITY = YES;
				ENABLE_USER_SCRIPT_SANDBOXING = YES;
				GCC_C_LANGUAGE_STANDARD = gnu17;
				GCC_DYNAMIC_NO_PIC = NO;
				GCC_NO_COMMON_BLOCKS = YES;
				GCC_OPTIMIZATION_LEVEL = 0;
				GCC_PREPROCESSOR_DEFINITIONS = (
					"DEBUG=1",
					"$(inherited)",
				);
				GCC_WARN_64_TO_32_BIT_CONVERSION = YES;
				GCC_WARN_ABOUT_RETURN_TYPE = YES_ERROR;
				GCC_WARN_UNDECLARED_SELECTOR = YES;
				GCC_WARN_UNINITIALIZED_AUTOS = YES_AGGRESSIVE;
				GCC_WARN_UNUSED_FUNCTION = YES;
				GCC_WARN_UNUSED_VARIABLE = YES;
				IPHONEOS_DEPLOYMENT_TARGET = 18.1;
				LOCALIZATION_PREFERS_STRING_CATALOGS = YES;
				MTL_ENABLE_DEBUG_INFO = INCLUDE_SOURCE;
				MTL_FAST_MATH = YES;
				ONLY_ACTIVE_ARCH = YES;
				SDKROOT = iphoneos;
				SWIFT_ACTIVE_COMPILATION_CONDITIONS = "DEBUG $(inherited)";
				SWIFT_OPTIMIZATION_LEVEL = "-Onone";
			};
			name = Debug;
		};
		6E86D4102D5A2D1A00EE052A /* Release */ = {
			isa = XCBuildConfiguration;
			buildSettings = {
				ALWAYS_SEARCH_USER_PATHS = NO;
				ASSETCATALOG_COMPILER_GENERATE_SWIFT_ASSET_SYMBOL_EXTENSIONS = YES;
				CLANG_ANALYZER_NONNULL = YES;
				CLANG_ANALYZER_NUMBER_OBJECT_CONVERSION = YES_AGGRESSIVE;
				CLANG_CXX_LANGUAGE_STANDARD = "gnu++20";
				CLANG_ENABLE_MODULES = YES;
				CLANG_ENABLE_OBJC_ARC = YES;
				CLANG_ENABLE_OBJC_WEAK = YES;
				CLANG_WARN_BLOCK_CAPTURE_AUTORELEASING = YES;
				CLANG_WARN_BOOL_CONVERSION = YES;
				CLANG_WARN_COMMA = YES;
				CLANG_WARN_CONSTANT_CONVERSION = YES;
				CLANG_WARN_DEPRECATED_OBJC_IMPLEMENTATIONS = YES;
				CLANG_WARN_DIRECT_OBJC_ISA_USAGE = YES_ERROR;
				CLANG_WARN_DOCUMENTATION_COMMENTS = YES;
				CLANG_WARN_EMPTY_BODY = YES;
				CLANG_WARN_ENUM_CONVERSION = YES;
				CLANG_WARN_INFINITE_RECURSION = YES;
				CLANG_WARN_INT_CONVERSION = YES;
				CLANG_WARN_NON_LITERAL_NULL_CONVERSION = YES;
				CLANG_WARN_OBJC_IMPLICIT_RETAIN_SELF = YES;
				CLANG_WARN_OBJC_LITERAL_CONVERSION = YES;
				CLANG_WARN_OBJC_ROOT_CLASS = YES_ERROR;
				CLANG_WARN_QUOTED_INCLUDE_IN_FRAMEWORK_HEADER = YES;
				CLANG_WARN_RANGE_LOOP_ANALYSIS = YES;
				CLANG_WARN_STRICT_PROTOTYPES = YES;
				CLANG_WARN_SUSPICIOUS_MOVE = YES;
				CLANG_WARN_UNGUARDED_AVAILABILITY = YES_AGGRESSIVE;
				CLANG_WARN_UNREACHABLE_CODE = YES;
				CLANG_WARN__DUPLICATE_METHOD_MATCH = YES;
				COPY_PHASE_STRIP = NO;
				DEBUG_INFORMATION_FORMAT = "dwarf-with-dsym";
				ENABLE_NS_ASSERTIONS = NO;
				ENABLE_STRICT_OBJC_MSGSEND = YES;
				ENABLE_USER_SCRIPT_SANDBOXING = YES;
				GCC_C_LANGUAGE_STANDARD = gnu17;
				GCC_NO_COMMON_BLOCKS = YES;
				GCC_WARN_64_TO_32_BIT_CONVERSION = YES;
				GCC_WARN_ABOUT_RETURN_TYPE = YES_ERROR;
				GCC_WARN_UNDECLARED_SELECTOR = YES;
				GCC_WARN_UNINITIALIZED_AUTOS = YES_AGGRESSIVE;
				GCC_WARN_UNUSED_FUNCTION = YES;
				GCC_WARN_UNUSED_VARIABLE = YES;
				IPHONEOS_DEPLOYMENT_TARGET = 18.1;
				LOCALIZATION_PREFERS_STRING_CATALOGS = YES;
				MTL_ENABLE_DEBUG_INFO = NO;
				MTL_FAST_MATH = YES;
				SDKROOT = iphoneos;
				SWIFT_COMPILATION_MODE = wholemodule;
				VALIDATE_PRODUCT = YES;
			};
			name = Release;
		};
		6E86D4122D5A2D1A00EE052A /* Debug */ = {
			isa = XCBuildConfiguration;
			buildSettings = {
				ASSETCATALOG_COMPILER_APPICON_NAME = AppIcon;
				ASSETCATALOG_COMPILER_GLOBAL_ACCENT_COLOR_NAME = AccentColor;
				CODE_SIGN_STYLE = Automatic;
				CURRENT_PROJECT_VERSION = 1;
				DEVELOPMENT_ASSET_PATHS = "\"ViperProject/Preview Content\"";
				ENABLE_PREVIEWS = YES;
				GENERATE_INFOPLIST_FILE = YES;
				INFOPLIST_KEY_UIApplicationSceneManifest_Generation = YES;
				INFOPLIST_KEY_UIApplicationSupportsIndirectInputEvents = YES;
				INFOPLIST_KEY_UILaunchScreen_Generation = YES;
				INFOPLIST_KEY_UISupportedInterfaceOrientations_iPad = "UIInterfaceOrientationPortrait UIInterfaceOrientationPortraitUpsideDown UIInterfaceOrientationLandscapeLeft UIInterfaceOrientationLandscapeRight";
				INFOPLIST_KEY_UISupportedInterfaceOrientations_iPhone = "UIInterfaceOrientationPortrait UIInterfaceOrientationLandscapeLeft UIInterfaceOrientationLandscapeRight";
				LD_RUNPATH_SEARCH_PATHS = (
					"$(inherited)",
					"@executable_path/Frameworks",
				);
				MARKETING_VERSION = 1.0;
				PRODUCT_BUNDLE_IDENTIFIER = com.Fknrd.ViperProject;
				PRODUCT_NAME = "$(TARGET_NAME)";
				SWIFT_EMIT_LOC_STRINGS = YES;
				SWIFT_VERSION = 5.0;
				TARGETED_DEVICE_FAMILY = "1,2";
			};
			name = Debug;
		};
		6E86D4132D5A2D1A00EE052A /* Release */ = {
			isa = XCBuildConfiguration;
			buildSettings = {
				ASSETCATALOG_COMPILER_APPICON_NAME = AppIcon;
				ASSETCATALOG_COMPILER_GLOBAL_ACCENT_COLOR_NAME = AccentColor;
				CODE_SIGN_STYLE = Automatic;
				CURRENT_PROJECT_VERSION = 1;
				DEVELOPMENT_ASSET_PATHS = "\"ViperProject/Preview Content\"";
				ENABLE_PREVIEWS = YES;
				GENERATE_INFOPLIST_FILE = YES;
				INFOPLIST_KEY_UIApplicationSceneManifest_Generation = YES;
				INFOPLIST_KEY_UIApplicationSupportsIndirectInputEvents = YES;
				INFOPLIST_KEY_UILaunchScreen_Generation = YES;
				INFOPLIST_KEY_UISupportedInterfaceOrientations_iPad = "UIInterfaceOrientationPortrait UIInterfaceOrientationPortraitUpsideDown UIInterfaceOrientationLandscapeLeft UIInterfaceOrientationLandscapeRight";
				INFOPLIST_KEY_UISupportedInterfaceOrientations_iPhone = "UIInterfaceOrientationPortrait UIInterfaceOrientationLandscapeLeft UIInterfaceOrientationLandscapeRight";
				LD_RUNPATH_SEARCH_PATHS = (
					"$(inherited)",
					"@executable_path/Frameworks",
				);
				MARKETING_VERSION = 1.0;
				PRODUCT_BUNDLE_IDENTIFIER = com.Fknrd.ViperProject;
				PRODUCT_NAME = "$(TARGET_NAME)";
				SWIFT_EMIT_LOC_STRINGS = YES;
				SWIFT_VERSION = 5.0;
				TARGETED_DEVICE_FAMILY = "1,2";
			};
			name = Release;
		};
		6E86D4152D5A2D1A00EE052A /* Debug */ = {
			isa = XCBuildConfiguration;
			buildSettings = {
				BUNDLE_LOADER = "$(TEST_HOST)";
				CODE_SIGN_STYLE = Automatic;
				CURRENT_PROJECT_VERSION = 1;
				GENERATE_INFOPLIST_FILE = YES;
				IPHONEOS_DEPLOYMENT_TARGET = 18.1;
				MARKETING_VERSION = 1.0;
				PRODUCT_BUNDLE_IDENTIFIER = com.Fknrd.ViperProjectTests;
				PRODUCT_NAME = "$(TARGET_NAME)";
				SWIFT_EMIT_LOC_STRINGS = NO;
				SWIFT_VERSION = 5.0;
				TARGETED_DEVICE_FAMILY = "1,2";
				TEST_HOST = "$(BUILT_PRODUCTS_DIR)/ViperProject.app/$(BUNDLE_EXECUTABLE_FOLDER_PATH)/ViperProject";
			};
			name = Debug;
		};
		6E86D4162D5A2D1A00EE052A /* Release */ = {
			isa = XCBuildConfiguration;
			buildSettings = {
				BUNDLE_LOADER = "$(TEST_HOST)";
				CODE_SIGN_STYLE = Automatic;
				CURRENT_PROJECT_VERSION = 1;
				GENERATE_INFOPLIST_FILE = YES;
				IPHONEOS_DEPLOYMENT_TARGET = 18.1;
				MARKETING_VERSION = 1.0;
				PRODUCT_BUNDLE_IDENTIFIER = com.Fknrd.ViperProjectTests;
				PRODUCT_NAME = "$(TARGET_NAME)";
				SWIFT_EMIT_LOC_STRINGS = NO;
				SWIFT_VERSION = 5.0;
				TARGETED_DEVICE_FAMILY = "1,2";
				TEST_HOST = "$(BUILT_PRODUCTS_DIR)/ViperProject.app/$(BUNDLE_EXECUTABLE_FOLDER_PATH)/ViperProject";
			};
			name = Release;
		};
		6E86D4182D5A2D1A00EE052A /* Debug */ = {
			isa = XCBuildConfiguration;
			buildSettings = {
				CODE_SIGN_STYLE = Automatic;
				CURRENT_PROJECT_VERSION = 1;
				GENERATE_INFOPLIST_FILE = YES;
				MARKETING_VERSION = 1.0;
				PRODUCT_BUNDLE_IDENTIFIER = com.Fknrd.ViperProjectUITests;
				PRODUCT_NAME = "$(TARGET_NAME)";
				SWIFT_EMIT_LOC_STRINGS = NO;
				SWIFT_VERSION = 5.0;
				TARGETED_DEVICE_FAMILY = "1,2";
				TEST_TARGET_NAME = ViperProject;
			};
			name = Debug;
		};
		6E86D4192D5A2D1A00EE052A /* Release */ = {
			isa = XCBuildConfiguration;
			buildSettings = {
				CODE_SIGN_STYLE = Automatic;
				CURRENT_PROJECT_VERSION = 1;
				GENERATE_INFOPLIST_FILE = YES;
				MARKETING_VERSION = 1.0;
				PRODUCT_BUNDLE_IDENTIFIER = com.Fknrd.ViperProjectUITests;
				PRODUCT_NAME = "$(TARGET_NAME)";
				SWIFT_EMIT_LOC_STRINGS = NO;
				SWIFT_VERSION = 5.0;
				TARGETED_DEVICE_FAMILY = "1,2";
				TEST_TARGET_NAME = ViperProject;
			};
			name = Release;
		};
/* End XCBuildConfiguration section */

/* Begin XCConfigurationList section */
		6E86D3E82D5A2D1700EE052A /* Build configuration list for PBXProject "ViperProject" */ = {
			isa = XCConfigurationList;
			buildConfigurations = (
				6E86D40F2D5A2D1A00EE052A /* Debug */,
				6E86D4102D5A2D1A00EE052A /* Release */,
			);
			defaultConfigurationIsVisible = 0;
			defaultConfigurationName = Release;
		};
		6E86D4112D5A2D1A00EE052A /* Build configuration list for PBXNativeTarget "ViperProject" */ = {
			isa = XCConfigurationList;
			buildConfigurations = (
				6E86D4122D5A2D1A00EE052A /* Debug */,
				6E86D4132D5A2D1A00EE052A /* Release */,
			);
			defaultConfigurationIsVisible = 0;
			defaultConfigurationName = Release;
		};
		6E86D4142D5A2D1A00EE052A /* Build configuration list for PBXNativeTarget "ViperProjectTests" */ = {
			isa = XCConfigurationList;
			buildConfigurations = (
				6E86D4152D5A2D1A00EE052A /* Debug */,
				6E86D4162D5A2D1A00EE052A /* Release */,
			);
			defaultConfigurationIsVisible = 0;
			defaultConfigurationName = Release;
		};
		6E86D4172D5A2D1A00EE052A /* Build configuration list for PBXNativeTarget "ViperProjectUITests" */ = {
			isa = XCConfigurationList;
			buildConfigurations = (
				6E86D4182D5A2D1A00EE052A /* Debug */,
				6E86D4192D5A2D1A00EE052A /* Release */,
			);
			defaultConfigurationIsVisible = 0;
			defaultConfigurationName = Release;
		};
/* End XCConfigurationList section */
	};
	rootObject = 6E86D3E52D5A2D1700EE052A /* Project object */;
}
